{
  "nodes": {
    "nixpkgs": {
      "locked": {
        "lastModified": 1695660864,
        "narHash": "sha256-A8I2YOMa5/AheIC3gNXUWx/Ik3mTKEyeoZIm2btDaaE=",
        "owner": "nixos",
        "repo": "nixpkgs",
        "rev": "91b7fbbc09aba0b7b70565cffb4b17230e913184",
        "type": "github"
      },
      "original": {
        "owner": "nixos",
        "ref": "release-23.05",
        "repo": "nixpkgs",
        "type": "github"
      }
    },
    "root": {
      "inputs": {
        "nixpkgs": "nixpkgs"
      }
    }
  },
  "root": "root",
  "version": 7
}
