{
  "nodes": {
    "nixpkgs": {
      "locked": {
        "lastModified": 1712324036,
        "narHash": "sha256-y9nq45I1EQr4X2pjyJpBV/8TplzWBghj9aeP4tBJCrw=",
        "owner": "nixos",
        "repo": "nixpkgs",
        "rev": "5c606d956be9d7817db5d28150dd31f19202145f",
        "type": "github"
      },
      "original": {
        "owner": "nixos",
        "ref": "release-23.11",
        "repo": "nixpkgs",
        "type": "github"
      }
    },
    "root": {
      "inputs": {
        "nixpkgs": "nixpkgs"
      }
    }
  },
  "root": "root",
  "version": 7
}
